{
  "name": "ngx-sub-form",
  "version": "0.0.1",
  "lockfileVersion": 2,
  "requires": true,
  "packages": {
    "": {
      "name": "ngx-sub-form",
      "version": "0.0.1",
      "license": "MIT",
      "dependencies": {
        "tslib": "^2.0.0"
      },
      "peerDependencies": {
        "@angular/common": "^15.0.0",
        "@angular/core": "^15.0.0",
        "@angular/forms": "^15.0.0",
        "fast-deep-equal": "^3.1.3",
        "lodash-es": "^4.17.21",
        "ngx-observable-lifecycle": "^2.2.1",
        "rxjs": "^7.6.0",
        "tsdef": "0.0.14"
      }
    },
    "node_modules/@angular/common": {
      "version": "15.1.4",
      "resolved": "https://registry.npmjs.org/@angular/common/-/common-15.1.4.tgz",
      "integrity": "sha512-E2klptW9CbXDAYZEL988RQ0XWQPf8obr6p+/+j2zy8kn14VJgsjn/27S9M8sX76nfXOaA6vQSbofZycTU7IiFQ==",
      "peer": true,
      "dependencies": {
        "tslib": "^2.3.0"
      },
      "engines": {
        "node": "^14.20.0 || ^16.13.0 || >=18.10.0"
      },
      "peerDependencies": {
        "@angular/core": "15.1.4",
        "rxjs": "^6.5.3 || ^7.4.0"
      }
    },
    "node_modules/@angular/core": {
      "version": "15.1.4",
      "resolved": "https://registry.npmjs.org/@angular/core/-/core-15.1.4.tgz",
      "integrity": "sha512-eWXtL4pe/pG4klehsm1URpgF4gnUjFpCXzHJ0Shp5HwLszoflZMbzdoRTSyOG5iMxDhsk0wwnHTfG+j4NTJN3A==",
      "peer": true,
      "dependencies": {
        "tslib": "^2.3.0"
      },
      "engines": {
        "node": "^14.20.0 || ^16.13.0 || >=18.10.0"
      },
      "peerDependencies": {
        "rxjs": "^6.5.3 || ^7.4.0",
        "zone.js": "~0.11.4 || ~0.12.0"
      }
    },
    "node_modules/@angular/forms": {
      "version": "15.1.4",
      "resolved": "https://registry.npmjs.org/@angular/forms/-/forms-15.1.4.tgz",
      "integrity": "sha512-gUBenRZS4gTevA3AJdpCVIuMeWU++OTqj6Rd8bv+x42W/RoOSVVcb3bInVECJFedAhx6P2/TWFGV1sVGwW+3sg==",
      "peer": true,
      "dependencies": {
        "tslib": "^2.3.0"
      },
      "engines": {
        "node": "^14.20.0 || ^16.13.0 || >=18.10.0"
      },
      "peerDependencies": {
        "@angular/common": "15.1.4",
        "@angular/core": "15.1.4",
        "@angular/platform-browser": "15.1.4",
        "rxjs": "^6.5.3 || ^7.4.0"
      }
    },
    "node_modules/@angular/platform-browser": {
      "version": "15.1.4",
      "resolved": "https://registry.npmjs.org/@angular/platform-browser/-/platform-browser-15.1.4.tgz",
      "integrity": "sha512-PrRNVbnPY38eh0zVDoNlx2EDHe4AzQ4bhJv3Wsrm+IFgi0e4yet8FQuL6sj1JBjLztKuZsndG2M/fyRWIpYkMQ==",
      "peer": true,
      "dependencies": {
        "tslib": "^2.3.0"
      },
      "engines": {
        "node": "^14.20.0 || ^16.13.0 || >=18.10.0"
      },
      "peerDependencies": {
        "@angular/animations": "15.1.4",
        "@angular/common": "15.1.4",
        "@angular/core": "15.1.4"
      },
      "peerDependenciesMeta": {
        "@angular/animations": {
          "optional": true
        }
      }
    },
    "node_modules/fast-deep-equal": {
      "version": "3.1.3",
      "resolved": "https://registry.npmjs.org/fast-deep-equal/-/fast-deep-equal-3.1.3.tgz",
      "integrity": "sha512-f3qQ9oQy9j2AhBe/H9VC91wLmKBCCU/gDOnKNAYG5hswO7BLKj09Hc5HYNz9cGI++xlpDCIgDaitVs03ATR84Q==",
      "peer": true
    },
    "node_modules/lodash-es": {
      "version": "4.17.21",
      "resolved": "https://registry.npmjs.org/lodash-es/-/lodash-es-4.17.21.tgz",
      "integrity": "sha512-mKnC+QJ9pWVzv+C4/U3rRsHapFfHvQFoFB92e52xeyGMcX6/OlIl78je1u8vePzYZSkkogMPJ2yjxxsb89cxyw==",
      "peer": true
    },
    "node_modules/ngx-observable-lifecycle": {
      "version": "2.2.1",
      "resolved": "https://registry.npmjs.org/ngx-observable-lifecycle/-/ngx-observable-lifecycle-2.2.1.tgz",
      "integrity": "sha512-LvJ4Lkat1Exvjq5DOla/JQVD9JnSteVdiLbzy/ZCgSq3tpvztEeijjEwEJnyl6CdwLVgVWPyw4KVj7bT2ON88g==",
      "peer": true,
      "dependencies": {
        "tslib": "^2.0.0"
      },
      "peerDependencies": {
        "@angular/core": ">=9.1.7",
        "rxjs": "^6.5.4 || ^7.4.0"
      }
    },
    "node_modules/rxjs": {
      "version": "7.8.0",
      "resolved": "https://registry.npmjs.org/rxjs/-/rxjs-7.8.0.tgz",
      "integrity": "sha512-F2+gxDshqmIub1KdvZkaEfGDwLNpPvk9Fs6LD/MyQxNgMds/WH9OdDDXOmxUZpME+iSK3rQCctkL0DYyytUqMg==",
      "peer": true,
      "dependencies": {
        "tslib": "^2.1.0"
      }
    },
    "node_modules/tsdef": {
      "version": "0.0.14",
      "resolved": "https://registry.npmjs.org/tsdef/-/tsdef-0.0.14.tgz",
      "integrity": "sha512-UjMD4XKRWWFlFBfwKVQmGFT5YzW/ZaF8x6KpCDf92u9wgKeha/go3FU0e5WqDjXsCOdfiavCkfwfVHNDxRDGMA==",
      "peer": true
    },
    "node_modules/tslib": {
      "version": "2.5.0",
      "resolved": "https://registry.npmjs.org/tslib/-/tslib-2.5.0.tgz",
      "integrity": "sha512-336iVw3rtn2BUK7ORdIAHTyxHGRIHVReokCR3XjbckJMK7ms8FysBfhLR8IXnAgy7T0PTPNBWKiH514FOW/WSg=="
    },
    "node_modules/zone.js": {
      "version": "0.12.0",
      "resolved": "https://registry.npmjs.org/zone.js/-/zone.js-0.12.0.tgz",
      "integrity": "sha512-XtC+I5dXU14HrzidAKBNMqneIVUykLEAA1x+v4KVrd6AUPWlwYORF8KgsVqvgdHiKZ4BkxxjvYi/ksEixTPR0Q==",
      "peer": true,
      "dependencies": {
        "tslib": "^2.3.0"
      }
    }
  },
  "dependencies": {
    "@angular/common": {
      "version": "15.1.4",
      "resolved": "https://registry.npmjs.org/@angular/common/-/common-15.1.4.tgz",
      "integrity": "sha512-E2klptW9CbXDAYZEL988RQ0XWQPf8obr6p+/+j2zy8kn14VJgsjn/27S9M8sX76nfXOaA6vQSbofZycTU7IiFQ==",
      "peer": true,
      "requires": {
        "tslib": "^2.3.0"
      }
    },
    "@angular/core": {
      "version": "15.1.4",
      "resolved": "https://registry.npmjs.org/@angular/core/-/core-15.1.4.tgz",
      "integrity": "sha512-eWXtL4pe/pG4klehsm1URpgF4gnUjFpCXzHJ0Shp5HwLszoflZMbzdoRTSyOG5iMxDhsk0wwnHTfG+j4NTJN3A==",
      "peer": true,
      "requires": {
        "tslib": "^2.3.0"
      }
    },
    "@angular/forms": {
      "version": "15.1.4",
      "resolved": "https://registry.npmjs.org/@angular/forms/-/forms-15.1.4.tgz",
      "integrity": "sha512-gUBenRZS4gTevA3AJdpCVIuMeWU++OTqj6Rd8bv+x42W/RoOSVVcb3bInVECJFedAhx6P2/TWFGV1sVGwW+3sg==",
      "peer": true,
      "requires": {
        "tslib": "^2.3.0"
      }
    },
    "@angular/platform-browser": {
      "version": "15.1.4",
      "resolved": "https://registry.npmjs.org/@angular/platform-browser/-/platform-browser-15.1.4.tgz",
      "integrity": "sha512-PrRNVbnPY38eh0zVDoNlx2EDHe4AzQ4bhJv3Wsrm+IFgi0e4yet8FQuL6sj1JBjLztKuZsndG2M/fyRWIpYkMQ==",
      "peer": true,
      "requires": {
        "tslib": "^2.3.0"
      }
    },
    "fast-deep-equal": {
      "version": "3.1.3",
      "resolved": "https://registry.npmjs.org/fast-deep-equal/-/fast-deep-equal-3.1.3.tgz",
      "integrity": "sha512-f3qQ9oQy9j2AhBe/H9VC91wLmKBCCU/gDOnKNAYG5hswO7BLKj09Hc5HYNz9cGI++xlpDCIgDaitVs03ATR84Q==",
      "peer": true
    },
    "lodash-es": {
      "version": "4.17.21",
      "resolved": "https://registry.npmjs.org/lodash-es/-/lodash-es-4.17.21.tgz",
      "integrity": "sha512-mKnC+QJ9pWVzv+C4/U3rRsHapFfHvQFoFB92e52xeyGMcX6/OlIl78je1u8vePzYZSkkogMPJ2yjxxsb89cxyw==",
      "peer": true
    },
    "ngx-observable-lifecycle": {
      "version": "2.2.1",
      "resolved": "https://registry.npmjs.org/ngx-observable-lifecycle/-/ngx-observable-lifecycle-2.2.1.tgz",
      "integrity": "sha512-LvJ4Lkat1Exvjq5DOla/JQVD9JnSteVdiLbzy/ZCgSq3tpvztEeijjEwEJnyl6CdwLVgVWPyw4KVj7bT2ON88g==",
      "peer": true,
      "requires": {
        "tslib": "^2.0.0"
      }
    },
    "rxjs": {
      "version": "7.8.0",
      "resolved": "https://registry.npmjs.org/rxjs/-/rxjs-7.8.0.tgz",
      "integrity": "sha512-F2+gxDshqmIub1KdvZkaEfGDwLNpPvk9Fs6LD/MyQxNgMds/WH9OdDDXOmxUZpME+iSK3rQCctkL0DYyytUqMg==",
      "peer": true,
      "requires": {
        "tslib": "^2.1.0"
      }
    },
    "tsdef": {
      "version": "0.0.14",
      "resolved": "https://registry.npmjs.org/tsdef/-/tsdef-0.0.14.tgz",
      "integrity": "sha512-UjMD4XKRWWFlFBfwKVQmGFT5YzW/ZaF8x6KpCDf92u9wgKeha/go3FU0e5WqDjXsCOdfiavCkfwfVHNDxRDGMA==",
      "peer": true
    },
    "tslib": {
      "version": "2.5.0",
      "resolved": "https://registry.npmjs.org/tslib/-/tslib-2.5.0.tgz",
      "integrity": "sha512-336iVw3rtn2BUK7ORdIAHTyxHGRIHVReokCR3XjbckJMK7ms8FysBfhLR8IXnAgy7T0PTPNBWKiH514FOW/WSg=="
    },
    "zone.js": {
      "version": "0.12.0",
      "resolved": "https://registry.npmjs.org/zone.js/-/zone.js-0.12.0.tgz",
      "integrity": "sha512-XtC+I5dXU14HrzidAKBNMqneIVUykLEAA1x+v4KVrd6AUPWlwYORF8KgsVqvgdHiKZ4BkxxjvYi/ksEixTPR0Q==",
      "peer": true,
      "requires": {
        "tslib": "^2.3.0"
      }
    }
  }
}
